<?xml version="1.0" encoding="utf-8"?>
<Project ToolsVersion="4.0" xmlns="http://schemas.microsoft.com/developer/msbuild/2003">
  <ItemGroup>
    <Filter Include="Math">
      <UniqueIdentifier>{b1070472-09ca-4640-945e-3348bda3b236}</UniqueIdentifier>
    </Filter>
    <Filter Include="Math\Inc">
      <UniqueIdentifier>{de7cb96c-4516-4f82-b374-da38e837e52b}</UniqueIdentifier>
    </Filter>
    <Filter Include="Math\Src">
      <UniqueIdentifier>{510641a2-0a5c-4fbc-b5bf-0e940512690d}</UniqueIdentifier>
    </Filter>
    <Filter Include="OS">
      <UniqueIdentifier>{0b9ea0ae-29ec-4cba-8b89-3ed5c5d7302f}</UniqueIdentifier>
    </Filter>
    <Filter Include="OS\Inc">
      <UniqueIdentifier>{522ef1fa-69e0-4ea1-a427-fe53120f3075}</UniqueIdentifier>
    </Filter>
    <Filter Include="OS\Src">
      <UniqueIdentifier>{528e4ef8-dff8-4851-bdcd-b3710d2041f5}</UniqueIdentifier>
    </Filter>
    <Filter Include="Draw">
      <UniqueIdentifier>{ee196164-6ed1-4ec3-b01e-8e6f9dedc07b}</UniqueIdentifier>
    </Filter>
    <Filter Include="Draw\Inc">
      <UniqueIdentifier>{a236627c-a4a6-4c5c-83f8-6d189074e83c}</UniqueIdentifier>
    </Filter>
    <Filter Include="Draw\Src">
      <UniqueIdentifier>{50be23ba-ff36-493d-913b-6feff0e0967c}</UniqueIdentifier>
    </Filter>
    <Filter Include="Core">
      <UniqueIdentifier>{5f506bc9-9feb-41ac-a37f-2dc0ee16a900}</UniqueIdentifier>
    </Filter>
    <Filter Include="Core\Inc">
      <UniqueIdentifier>{63ec935b-f8c5-496e-928c-2bdc04d33851}</UniqueIdentifier>
    </Filter>
    <Filter Include="Core\Src">
      <UniqueIdentifier>{22673534-21d5-41ca-bc39-116c90954c53}</UniqueIdentifier>
    </Filter>
  </ItemGroup>
  <ItemGroup>
    <ClCompile Include="Source\Clock.cpp">
      <Filter>Core\Src</Filter>
    </ClCompile>
    <ClCompile Include="Source\FileSystem.cpp">
      <Filter>Core\Src</Filter>
    </ClCompile>
    <ClCompile Include="Source\IniFile.cpp">
      <Filter>Core\Src</Filter>
    </ClCompile>
    <ClCompile Include="Source\Program.cpp">
      <Filter>Core\Src</Filter>
    </ClCompile>
    <ClCompile Include="Source\WADFile.cpp">
      <Filter>Core\Src</Filter>
    </ClCompile>
    <ClCompile Include="Source\WADMaker.cpp">
      <Filter>Core\Src</Filter>
    </ClCompile>
    <ClCompile Include="Source\DrawSurface.cpp">
      <Filter>Draw\Src</Filter>
    </ClCompile>
    <ClCompile Include="Source\Renderer.cpp">
      <Filter>Draw\Src</Filter>
    </ClCompile>
    <ClCompile Include="Source\Shader.cpp">
      <Filter>Draw\Src</Filter>
    </ClCompile>
    <ClCompile Include="Source\Sprite.cpp">
      <Filter>Draw\Src</Filter>
    </ClCompile>
    <ClCompile Include="Source\Collision.cpp">
      <Filter>Math\Src</Filter>
    </ClCompile>
    <ClCompile Include="Source\Transformation.cpp">
      <Filter>Math\Src</Filter>
    </ClCompile>
    <ClCompile Include="Source\Gamepad.cpp">
      <Filter>OS\Src</Filter>
    </ClCompile>
    <ClCompile Include="Source\Input.cpp">
      <Filter>OS\Src</Filter>
    </ClCompile>
    <ClCompile Include="Source\Window.cpp">
      <Filter>OS\Src</Filter>
    </ClCompile>
    <ClCompile Include="Source\Alarm.cpp">
      <Filter>Core\Src</Filter>
    </ClCompile>
    <ClCompile Include="Source\SpriteAnimation.cpp">
      <Filter>Draw\Src</Filter>
    </ClCompile>
    <ClCompile Include="Source\Sound.cpp">
      <Filter>OS\Src</Filter>
    </ClCompile>
    <ClCompile Include="Source\DrawSurface3D.cpp">
      <Filter>Draw\Src</Filter>
    </ClCompile>
    <ClCompile Include="Source\Viewport3D.cpp">
      <Filter>Draw\Src</Filter>
    </ClCompile>
    <ClCompile Include="Source\DrawMath.cpp">
      <Filter>Math\Src</Filter>
    </ClCompile>
  </ItemGroup>
  <ItemGroup>
    <ClInclude Include="Include\Alarm.hpp">
      <Filter>Core\Inc</Filter>
    </ClInclude>
    <ClInclude Include="Include\API.hpp">
      <Filter>Core\Inc</Filter>
    </ClInclude>
    <ClInclude Include="Include\Clock.hpp">
      <Filter>Core\Inc</Filter>
    </ClInclude>
    <ClInclude Include="Include\DebugHelp.hpp">
      <Filter>Core\Inc</Filter>
    </ClInclude>
    <ClInclude Include="Include\FileSystem.hpp">
      <Filter>Core\Inc</Filter>
    </ClInclude>
    <ClInclude Include="Include\IniFile.hpp">
      <Filter>Core\Inc</Filter>
    </ClInclude>
    <ClInclude Include="Include\Program.hpp">
      <Filter>Core\Inc</Filter>
    </ClInclude>
    <ClInclude Include="Include\SystemTypes.hpp">
      <Filter>Core\Inc</Filter>
    </ClInclude>
    <ClInclude Include="Include\WADFile.hpp">
      <Filter>Core\Inc</Filter>
    </ClInclude>
    <ClInclude Include="Include\WADMaker.hpp">
      <Filter>Core\Inc</Filter>
    </ClInclude>
    <ClInclude Include="Include\DrawData.hpp">
      <Filter>Draw\Inc</Filter>
    </ClInclude>
    <ClInclude Include="Include\DrawSurface.hpp">
      <Filter>Draw\Inc</Filter>
    </ClInclude>
    <ClInclude Include="Include\DrawSurface3D.hpp">
      <Filter>Draw\Inc</Filter>
    </ClInclude>
    <ClInclude Include="Include\Renderer.hpp">
      <Filter>Draw\Inc</Filter>
    </ClInclude>
    <ClInclude Include="Include\Shader.hpp">
      <Filter>Draw\Inc</Filter>
    </ClInclude>
    <ClInclude Include="Include\Sprite.hpp">
      <Filter>Draw\Inc</Filter>
    </ClInclude>
    <ClInclude Include="Include\SpriteAnimation.hpp">
      <Filter>Draw\Inc</Filter>
    </ClInclude>
    <ClInclude Include="Include\Viewport3D.hpp">
      <Filter>Draw\Inc</Filter>
    </ClInclude>
    <ClInclude Include="Include\Collider.hpp">
      <Filter>Math\Inc</Filter>
    </ClInclude>
    <ClInclude Include="Include\Collision.hpp">
      <Filter>Math\Inc</Filter>
    </ClInclude>
    <ClInclude Include="Include\EulerRotation.hpp">
      <Filter>Math\Inc</Filter>
    </ClInclude>
    <ClInclude Include="Include\Matrix4.hpp">
      <Filter>Math\Inc</Filter>
    </ClInclude>
    <ClInclude Include="Include\Quaternion.hpp">
      <Filter>Math\Inc</Filter>
    </ClInclude>
    <ClInclude Include="Include\Transformation.hpp">
      <Filter>Math\Inc</Filter>
    </ClInclude>
    <ClInclude Include="Include\Vector2.hpp">
      <Filter>Math\Inc</Filter>
    </ClInclude>
    <ClInclude Include="Include\Vector3.hpp">
      <Filter>Math\Inc</Filter>
    </ClInclude>
    <ClInclude Include="Include\Vector4.hpp">
      <Filter>Math\Inc</Filter>
    </ClInclude>
    <ClInclude Include="Include\Gamepad.hpp">
      <Filter>OS\Inc</Filter>
    </ClInclude>
    <ClInclude Include="Include\Input.hpp">
      <Filter>OS\Inc</Filter>
    </ClInclude>
    <ClInclude Include="Include\InputTypes.hpp">
      <Filter>OS\Inc</Filter>
    </ClInclude>
    <ClInclude Include="Include\Sound.hpp">
      <Filter>OS\Inc</Filter>
    </ClInclude>
    <ClInclude Include="Include\Window.hpp">
      <Filter>OS\Inc</Filter>
    </ClInclude>
    <ClInclude Include="Include\Math.hpp">
      <Filter>Math\Inc</Filter>
    </ClInclude>
    <ClInclude Include="Include\DrawMath.hpp">
      <Filter>Math\Inc</Filter>
    </ClInclude>
    <ClInclude Include="Include\Multiply.hpp">
      <Filter>Math\Inc</Filter>
    </ClInclude>
  </ItemGroup>
</Project>