<?xml version="1.0" encoding="utf-8"?>
<Project ToolsVersion="4.0" xmlns="http://schemas.microsoft.com/developer/msbuild/2003">
  <ItemGroup>
    <Filter Include="Core">
      <UniqueIdentifier>{ce378747-93e3-4b42-b633-3e5f6836fd05}</UniqueIdentifier>
    </Filter>
    <Filter Include="Core\Inc">
      <UniqueIdentifier>{559fddf6-63f2-47ee-8c3d-0536afe22682}</UniqueIdentifier>
    </Filter>
    <Filter Include="Core\Src">
      <UniqueIdentifier>{f50d1696-9e6f-4e59-a0d6-2e25bc7f9f4e}</UniqueIdentifier>
    </Filter>
  </ItemGroup>
  <ItemGroup>
    <ClCompile Include="Src\Main.cpp">
      <Filter>Core\Src</Filter>
    </ClCompile>
    <ClCompile Include="Src\Game.cpp">
      <Filter>Core\Src</Filter>
    </ClCompile>
    <ClCompile Include="Src\GameWindow.cpp">
      <Filter>Core\Src</Filter>
    </ClCompile>
  </ItemGroup>
  <ItemGroup>
    <ClInclude Include="Inc\Game.hpp">
      <Filter>Core\Inc</Filter>
    </ClInclude>
    <ClInclude Include="Inc\GameWindow.hpp">
      <Filter>Core\Inc</Filter>
    </ClInclude>
  </ItemGroup>
</Project>