
Microsoft Visual Studio Solution File, Format Version 12.00
# Visual Studio Version 17
VisualStudioVersion = 17.14.36804.6 d17.14
MinimumVisualStudioVersion = 10.0.40219.1
Project("{8BC9CEB8-8B4A-11D0-8D11-00A0C91BC942}") = "Game", "Game\Game.vcxproj", "{B78B4D59-D6F4-4725-B34A-D9A702A273C4}"
	ProjectSection(ProjectDependencies) = postProject
		{62645824-DC34-4CF9-BEB9-1DC281A715F5} = {62645824-DC34-4CF9-BEB9-1DC281A715F5}
		{C24D2316-7BDF-48FD-BAC9-4AE22116891C} = {C24D2316-7BDF-48FD-BAC9-4AE22116891C}
	EndProjectSection
EndProject
Project("{8BC9CEB8-8B4A-11D0-8D11-00A0C91BC942}") = "GameEngine", "GameEngine\GameEngine.vcxproj", "{62645824-DC34-4CF9-BEB9-1DC281A715F5}"
	ProjectSection(ProjectDependencies) = postProject
		{C24D2316-7BDF-48FD-BAC9-4AE22116891C} = {C24D2316-7BDF-48FD-BAC9-4AE22116891C}
	EndProjectSection
EndProject
Project("{8BC9CEB8-8B4A-11D0-8D11-00A0C91BC942}") = "Lua", "Lua\Lua.vcxproj", "{C24D2316-7BDF-48FD-BAC9-4AE22116891C}"
EndProject
Global
	GlobalSection(SolutionConfigurationPlatforms) = preSolution
		Debug|x64 = Debug|x64
		Release|x64 = Release|x64
	EndGlobalSection
	GlobalSection(ProjectConfigurationPlatforms) = postSolution
		{B78B4D59-D6F4-4725-B34A-D9A702A273C4}.Debug|x64.ActiveCfg = Debug|x64
		{B78B4D59-D6F4-4725-B34A-D9A702A273C4}.Debug|x64.Build.0 = Debug|x64
		{B78B4D59-D6F4-4725-B34A-D9A702A273C4}.Release|x64.ActiveCfg = Release|x64
		{B78B4D59-D6F4-4725-B34A-D9A702A273C4}.Release|x64.Build.0 = Release|x64
		{62645824-DC34-4CF9-BEB9-1DC281A715F5}.Debug|x64.ActiveCfg = Debug|x64
		{62645824-DC34-4CF9-BEB9-1DC281A715F5}.Debug|x64.Build.0 = Debug|x64
		{62645824-DC34-4CF9-BEB9-1DC281A715F5}.Release|x64.ActiveCfg = Release|x64
		{62645824-DC34-4CF9-BEB9-1DC281A715F5}.Release|x64.Build.0 = Release|x64
		{C24D2316-7BDF-48FD-BAC9-4AE22116891C}.Debug|x64.ActiveCfg = Debug|x64
		{C24D2316-7BDF-48FD-BAC9-4AE22116891C}.Debug|x64.Build.0 = Debug|x64
		{C24D2316-7BDF-48FD-BAC9-4AE22116891C}.Release|x64.ActiveCfg = Release|x64
		{C24D2316-7BDF-48FD-BAC9-4AE22116891C}.Release|x64.Build.0 = Release|x64
	EndGlobalSection
	GlobalSection(SolutionProperties) = preSolution
		HideSolutionNode = FALSE
	EndGlobalSection
	GlobalSection(ExtensibilityGlobals) = postSolution
		SolutionGuid = {05008ABC-D55C-44E3-80FA-CF85F2029FEE}
	EndGlobalSection
EndGlobal
